
Microsoft Visual Studio Solution File, Format Version 12.00
# Visual Studio Version 17
VisualStudioVersion = 17.0.32112.339
MinimumVisualStudioVersion = 10.0.40219.1
Project("{FAE04EC0-301F-11D3-BF4B-00C04F79EFBC}") = "MandelbrotSet", "MandelbrotSet.csproj", "{FA2FA6D1-7C46-4922-9138-B3E82F1355E6}"
EndProject
Project("{2150E333-8FDC-42A3-9474-1A3956D46DE8}") = "Solution Items", "Solution Items", "{43CEE0DC-963E-4202-9D96-C4183073AA79}"
	ProjectSection(SolutionItems) = preProject
		.editorconfig = .editorconfig
	EndProjectSection
EndProject
Global
	GlobalSection(SolutionConfigurationPlatforms) = preSolution
		Debug|Any CPU = Debug|Any CPU
		Release|Any CPU = Release|Any CPU
	EndGlobalSection
	GlobalSection(ProjectConfigurationPlatforms) = postSolution
		{FA2FA6D1-7C46-4922-9138-B3E82F1355E6}.Debug|Any CPU.ActiveCfg = Debug|Any CPU
		{FA2FA6D1-7C46-4922-9138-B3E82F1355E6}.Debug|Any CPU.Build.0 = Debug|Any CPU
		{FA2FA6D1-7C46-4922-9138-B3E82F1355E6}.Release|Any CPU.ActiveCfg = Release|Any CPU
		{FA2FA6D1-7C46-4922-9138-B3E82F1355E6}.Release|Any CPU.Build.0 = Release|Any CPU
	EndGlobalSection
	GlobalSection(SolutionProperties) = preSolution
		HideSolutionNode = FALSE
	EndGlobalSection
	GlobalSection(ExtensibilityGlobals) = postSolution
		SolutionGuid = {0BE470CF-2847-4720-9CA3-6670D7739C3A}
	EndGlobalSection
EndGlobal
